
Microsoft Visual Studio Solution File, Format Version 12.00
# Visual Studio Version 16
VisualStudioVersion = 16.0.29709.97
MinimumVisualStudioVersion = 10.0.40219.1
Project("{9A19103F-16F7-4668-BE54-9A1E7A4F7556}") = "BulkInsertDemo", "BulkInsertDemo.csproj", "{8A10AB88-E489-45F6-BD82-DE02F7852693}"
EndProject
Global
	GlobalSection(SolutionConfigurationPlatforms) = preSolution
		Debug|Any CPU = Debug|Any CPU
		Release|Any CPU = Release|Any CPU
	EndGlobalSection
	GlobalSection(ProjectConfigurationPlatforms) = postSolution
		{8A10AB88-E489-45F6-BD82-DE02F7852693}.Debug|Any CPU.ActiveCfg = Debug|Any CPU
		{8A10AB88-E489-45F6-BD82-DE02F7852693}.Debug|Any CPU.Build.0 = Debug|Any CPU
		{8A10AB88-E489-45F6-BD82-DE02F7852693}.Release|Any CPU.ActiveCfg = Release|Any CPU
		{8A10AB88-E489-45F6-BD82-DE02F7852693}.Release|Any CPU.Build.0 = Release|Any CPU
	EndGlobalSection
	GlobalSection(SolutionProperties) = preSolution
		HideSolutionNode = FALSE
	EndGlobalSection
	GlobalSection(ExtensibilityGlobals) = postSolution
		SolutionGuid = {33EC08CA-D807-49B7-892D-A31B0C7346DC}
	EndGlobalSection
EndGlobal
